
Microsoft Visual Studio Solution File, Format Version 12.00
# Visual Studio Version 17
VisualStudioVersion = 17.5.33516.290
MinimumVisualStudioVersion = 10.0.40219.1
Project("{FAE04EC0-301F-11D3-BF4B-00C04F79EFBC}") = "jerry_manager", "jerry_manager\jerry_manager.csproj", "{1D73D5B7-96CB-49F3-9D51-80BDA1777322}"
EndProject
Global
	GlobalSection(SolutionConfigurationPlatforms) = preSolution
		Debug|Any CPU = Debug|Any CPU
		Release|Any CPU = Release|Any CPU
	EndGlobalSection
	GlobalSection(ProjectConfigurationPlatforms) = postSolution
		{1D73D5B7-96CB-49F3-9D51-80BDA1777322}.Debug|Any CPU.ActiveCfg = Debug|Any CPU
		{1D73D5B7-96CB-49F3-9D51-80BDA1777322}.Debug|Any CPU.Build.0 = Debug|Any CPU
		{1D73D5B7-96CB-49F3-9D51-80BDA1777322}.Release|Any CPU.ActiveCfg = Release|Any CPU
		{1D73D5B7-96CB-49F3-9D51-80BDA1777322}.Release|Any CPU.Build.0 = Release|Any CPU
	EndGlobalSection
	GlobalSection(SolutionProperties) = preSolution
		HideSolutionNode = FALSE
	EndGlobalSection
	GlobalSection(ExtensibilityGlobals) = postSolution
		SolutionGuid = {0FA92191-CAB3-45E3-B7A1-F1AAA185B8C5}
	EndGlobalSection
EndGlobal
